// !$*UTF8*$!
{
	archiveVersion = 1;
	classes = {
	};
	objectVersion = 50;
	objects = {

/* Begin PBXBuildFile section */
		09135DA023F1610F00601377 /* BikeComputerViewModel.swift in Sources */ = {isa = PBXBuildFile; fileRef = 09135D9F23F1610F00601377 /* BikeComputerViewModel.swift */; };
		094DDDFC23E9C50500EA1951 /* AppDelegate.swift in Sources */ = {isa = PBXBuildFile; fileRef = 094DDDFB23E9C50500EA1951 /* AppDelegate.swift */; };
		094DDDFE23E9C50500EA1951 /* SceneDelegate.swift in Sources */ = {isa = PBXBuildFile; fileRef = 094DDDFD23E9C50500EA1951 /* SceneDelegate.swift */; };
		094DDE0023E9C50500EA1951 /* BikeComputerView.swift in Sources */ = {isa = PBXBuildFile; fileRef = 094DDDFF23E9C50500EA1951 /* BikeComputerView.swift */; };
		094DDE0223E9C50700EA1951 /* Assets.xcassets in Resources */ = {isa = PBXBuildFile; fileRef = 094DDE0123E9C50700EA1951 /* Assets.xcassets */; };
		094DDE0523E9C50700EA1951 /* Preview Assets.xcassets in Resources */ = {isa = PBXBuildFile; fileRef = 094DDE0423E9C50700EA1951 /* Preview Assets.xcassets */; };
		094DDE0823E9C50700EA1951 /* LaunchScreen.storyboard in Resources */ = {isa = PBXBuildFile; fileRef = 094DDE0623E9C50700EA1951 /* LaunchScreen.storyboard */; };
		094DDE1323E9C50700EA1951 /* Bike_ComputerTests.swift in Sources */ = {isa = PBXBuildFile; fileRef = 094DDE1223E9C50700EA1951 /* Bike_ComputerTests.swift */; };
		098E964024771AAA00046FCF /* GPSService.swift in Sources */ = {isa = PBXBuildFile; fileRef = 098E963F24771AAA00046FCF /* GPSService.swift */; };
		099D812C247EFBEA008033C6 /* Localizable.strings in Resources */ = {isa = PBXBuildFile; fileRef = 099D812E247EFBEA008033C6 /* Localizable.strings */; };
		099D8131247EFD0C008033C6 /* StringLocalizationExtension.swift in Sources */ = {isa = PBXBuildFile; fileRef = 099D8130247EFD0C008033C6 /* StringLocalizationExtension.swift */; };
		099D8135247F0071008033C6 /* InfoPlist.strings in Resources */ = {isa = PBXBuildFile; fileRef = 099D8134247F0071008033C6 /* InfoPlist.strings */; };
		099D813A247F0F7B008033C6 /* DateFormatExtension.swift in Sources */ = {isa = PBXBuildFile; fileRef = 099D8139247F0F7B008033C6 /* DateFormatExtension.swift */; };
/* End PBXBuildFile section */

/* Begin PBXContainerItemProxy section */
		094DDE0F23E9C50700EA1951 /* PBXContainerItemProxy */ = {
			isa = PBXContainerItemProxy;
			containerPortal = 094DDDF023E9C50500EA1951 /* Project object */;
			proxyType = 1;
			remoteGlobalIDString = 094DDDF723E9C50500EA1951;
			remoteInfo = "Bike Computer";
		};
/* End PBXContainerItemProxy section */

/* Begin PBXFileReference section */
		09135D9F23F1610F00601377 /* BikeComputerViewModel.swift */ = {isa = PBXFileReference; lastKnownFileType = sourcecode.swift; path = BikeComputerViewModel.swift; sourceTree = "<group>"; };
		094DDDF823E9C50500EA1951 /* Bike Computer.app */ = {isa = PBXFileReference; explicitFileType = wrapper.application; includeInIndex = 0; path = "Bike Computer.app"; sourceTree = BUILT_PRODUCTS_DIR; };
		094DDDFB23E9C50500EA1951 /* AppDelegate.swift */ = {isa = PBXFileReference; lastKnownFileType = sourcecode.swift; path = AppDelegate.swift; sourceTree = "<group>"; };
		094DDDFD23E9C50500EA1951 /* SceneDelegate.swift */ = {isa = PBXFileReference; lastKnownFileType = sourcecode.swift; path = SceneDelegate.swift; sourceTree = "<group>"; };
		094DDDFF23E9C50500EA1951 /* BikeComputerView.swift */ = {isa = PBXFileReference; lastKnownFileType = sourcecode.swift; path = BikeComputerView.swift; sourceTree = "<group>"; };
		094DDE0123E9C50700EA1951 /* Assets.xcassets */ = {isa = PBXFileReference; lastKnownFileType = folder.assetcatalog; path = Assets.xcassets; sourceTree = "<group>"; };
		094DDE0423E9C50700EA1951 /* Preview Assets.xcassets */ = {isa = PBXFileReference; lastKnownFileType = folder.assetcatalog; path = "Preview Assets.xcassets"; sourceTree = "<group>"; };
		094DDE0723E9C50700EA1951 /* Base */ = {isa = PBXFileReference; lastKnownFileType = file.storyboard; name = Base; path = Base.lproj/LaunchScreen.storyboard; sourceTree = "<group>"; };
		094DDE0923E9C50700EA1951 /* Info.plist */ = {isa = PBXFileReference; lastKnownFileType = text.plist.xml; path = Info.plist; sourceTree = "<group>"; };
		094DDE0E23E9C50700EA1951 /* Bike ComputerTests.xctest */ = {isa = PBXFileReference; explicitFileType = wrapper.cfbundle; includeInIndex = 0; path = "Bike ComputerTests.xctest"; sourceTree = BUILT_PRODUCTS_DIR; };
		094DDE1223E9C50700EA1951 /* Bike_ComputerTests.swift */ = {isa = PBXFileReference; lastKnownFileType = sourcecode.swift; path = Bike_ComputerTests.swift; sourceTree = "<group>"; };
		094DDE1423E9C50700EA1951 /* Info.plist */ = {isa = PBXFileReference; lastKnownFileType = text.plist.xml; path = Info.plist; sourceTree = "<group>"; };
		098E963F24771AAA00046FCF /* GPSService.swift */ = {isa = PBXFileReference; lastKnownFileType = sourcecode.swift; path = GPSService.swift; sourceTree = "<group>"; };
		099D812D247EFBEA008033C6 /* en */ = {isa = PBXFileReference; lastKnownFileType = text.plist.strings; name = en; path = en.lproj/Localizable.strings; sourceTree = "<group>"; };
		099D8130247EFD0C008033C6 /* StringLocalizationExtension.swift */ = {isa = PBXFileReference; lastKnownFileType = sourcecode.swift; path = StringLocalizationExtension.swift; sourceTree = "<group>"; };
		099D8134247F0071008033C6 /* InfoPlist.strings */ = {isa = PBXFileReference; lastKnownFileType = text.plist.strings; path = InfoPlist.strings; sourceTree = "<group>"; };
		099D8136247F0B3A008033C6 /* Berlin - KJD.gpx */ = {isa = PBXFileReference; lastKnownFileType = text.xml; name = "Berlin - KJD.gpx"; path = "../../../../Downloads/ios_passenger_app/mytaxi/SupportingFiles/Berlin - KJD.gpx"; sourceTree = "<group>"; };
		099D8137247F0B54008033C6 /* Bike_Ride_Berlin.gpx */ = {isa = PBXFileReference; lastKnownFileType = text.xml; name = Bike_Ride_Berlin.gpx; path = ../../../../Desktop/Bike_Ride_Berlin.gpx; sourceTree = "<group>"; };
		099D8138247F0C66008033C6 /* bikecourse.gpx */ = {isa = PBXFileReference; lastKnownFileType = text.xml; name = bikecourse.gpx; path = ../../../../Desktop/bikecourse.gpx; sourceTree = "<group>"; };
		099D8139247F0F7B008033C6 /* DateFormatExtension.swift */ = {isa = PBXFileReference; lastKnownFileType = sourcecode.swift; path = DateFormatExtension.swift; sourceTree = "<group>"; };
/* End PBXFileReference section */

/* Begin PBXFrameworksBuildPhase section */
		094DDDF523E9C50500EA1951 /* Frameworks */ = {
			isa = PBXFrameworksBuildPhase;
			buildActionMask = 2147483647;
			files = (
			);
			runOnlyForDeploymentPostprocessing = 0;
		};
		094DDE0B23E9C50700EA1951 /* Frameworks */ = {
			isa = PBXFrameworksBuildPhase;
			buildActionMask = 2147483647;
			files = (
			);
			runOnlyForDeploymentPostprocessing = 0;
		};
/* End PBXFrameworksBuildPhase section */

/* Begin PBXGroup section */
		094DDDEF23E9C50500EA1951 = {
			isa = PBXGroup;
			children = (
				099D8138247F0C66008033C6 /* bikecourse.gpx */,
				099D8137247F0B54008033C6 /* Bike_Ride_Berlin.gpx */,
				099D8136247F0B3A008033C6 /* Berlin - KJD.gpx */,
				094DDDFA23E9C50500EA1951 /* Bike Computer */,
				094DDDF923E9C50500EA1951 /* Products */,
			);
			sourceTree = "<group>";
		};
		094DDDF923E9C50500EA1951 /* Products */ = {
			isa = PBXGroup;
			children = (
				094DDDF823E9C50500EA1951 /* Bike Computer.app */,
				094DDE0E23E9C50700EA1951 /* Bike ComputerTests.xctest */,
			);
			name = Products;
			sourceTree = "<group>";
		};
		094DDDFA23E9C50500EA1951 /* Bike Computer */ = {
			isa = PBXGroup;
			children = (
				094DDE0923E9C50700EA1951 /* Info.plist */,
				099D812B247EFB7B008033C6 /* Project Settings */,
				099D812F247EFCE4008033C6 /* Global Extensions */,
				099D8132247EFF61008033C6 /* Application Scope */,
				094DDDFF23E9C50500EA1951 /* BikeComputerView.swift */,
				09135D9F23F1610F00601377 /* BikeComputerViewModel.swift */,
				098E963F24771AAA00046FCF /* GPSService.swift */,
				094DDE0323E9C50700EA1951 /* Preview Content */,
				094DDE1123E9C50700EA1951 /* Bike ComputerTests */,
			);
			path = "Bike Computer";
			sourceTree = "<group>";
		};
		094DDE0323E9C50700EA1951 /* Preview Content */ = {
			isa = PBXGroup;
			children = (
				094DDE0423E9C50700EA1951 /* Preview Assets.xcassets */,
			);
			path = "Preview Content";
			sourceTree = "<group>";
		};
		094DDE1123E9C50700EA1951 /* Bike ComputerTests */ = {
			isa = PBXGroup;
			children = (
				094DDE1223E9C50700EA1951 /* Bike_ComputerTests.swift */,
				094DDE1423E9C50700EA1951 /* Info.plist */,
			);
			path = "Bike ComputerTests";
			sourceTree = "<group>";
		};
		099D812B247EFB7B008033C6 /* Project Settings */ = {
			isa = PBXGroup;
			children = (
				094DDE0123E9C50700EA1951 /* Assets.xcassets */,
				099D812E247EFBEA008033C6 /* Localizable.strings */,
				099D8134247F0071008033C6 /* InfoPlist.strings */,
			);
			path = "Project Settings";
			sourceTree = "<group>";
		};
		099D812F247EFCE4008033C6 /* Global Extensions */ = {
			isa = PBXGroup;
			children = (
				099D8130247EFD0C008033C6 /* StringLocalizationExtension.swift */,
				099D8139247F0F7B008033C6 /* DateFormatExtension.swift */,
			);
			path = "Global Extensions";
			sourceTree = "<group>";
		};
		099D8132247EFF61008033C6 /* Application Scope */ = {
			isa = PBXGroup;
			children = (
				094DDE0623E9C50700EA1951 /* LaunchScreen.storyboard */,
				094DDDFB23E9C50500EA1951 /* AppDelegate.swift */,
				094DDDFD23E9C50500EA1951 /* SceneDelegate.swift */,
			);
			path = "Application Scope";
			sourceTree = "<group>";
		};
/* End PBXGroup section */

/* Begin PBXNativeTarget section */
		094DDDF723E9C50500EA1951 /* Bike Computer */ = {
			isa = PBXNativeTarget;
			buildConfigurationList = 094DDE1723E9C50700EA1951 /* Build configuration list for PBXNativeTarget "Bike Computer" */;
			buildPhases = (
				094DDDF423E9C50500EA1951 /* Sources */,
				094DDDF523E9C50500EA1951 /* Frameworks */,
				094DDDF623E9C50500EA1951 /* Resources */,
			);
			buildRules = (
			);
			dependencies = (
			);
			name = "Bike Computer";
			productName = "Bike Computer";
			productReference = 094DDDF823E9C50500EA1951 /* Bike Computer.app */;
			productType = "com.apple.product-type.application";
		};
		094DDE0D23E9C50700EA1951 /* Bike ComputerTests */ = {
			isa = PBXNativeTarget;
			buildConfigurationList = 094DDE1A23E9C50700EA1951 /* Build configuration list for PBXNativeTarget "Bike ComputerTests" */;
			buildPhases = (
				094DDE0A23E9C50700EA1951 /* Sources */,
				094DDE0B23E9C50700EA1951 /* Frameworks */,
				094DDE0C23E9C50700EA1951 /* Resources */,
			);
			buildRules = (
			);
			dependencies = (
				094DDE1023E9C50700EA1951 /* PBXTargetDependency */,
			);
			name = "Bike ComputerTests";
			productName = "Bike ComputerTests";
			productReference = 094DDE0E23E9C50700EA1951 /* Bike ComputerTests.xctest */;
			productType = "com.apple.product-type.bundle.unit-test";
		};
/* End PBXNativeTarget section */

/* Begin PBXProject section */
		094DDDF023E9C50500EA1951 /* Project object */ = {
			isa = PBXProject;
			attributes = {
				LastSwiftUpdateCheck = 1130;
				LastUpgradeCheck = 1130;
				ORGANIZATIONNAME = IgorK;
				TargetAttributes = {
					094DDDF723E9C50500EA1951 = {
						CreatedOnToolsVersion = 11.3.1;
					};
					094DDE0D23E9C50700EA1951 = {
						CreatedOnToolsVersion = 11.3.1;
						TestTargetID = 094DDDF723E9C50500EA1951;
					};
				};
			};
			buildConfigurationList = 094DDDF323E9C50500EA1951 /* Build configuration list for PBXProject "Bike Computer" */;
			compatibilityVersion = "Xcode 9.3";
			developmentRegion = en;
			hasScannedForEncodings = 0;
			knownRegions = (
				en,
				Base,
				ru,
			);
			mainGroup = 094DDDEF23E9C50500EA1951;
			productRefGroup = 094DDDF923E9C50500EA1951 /* Products */;
			projectDirPath = "";
			projectRoot = "";
			targets = (
				094DDDF723E9C50500EA1951 /* Bike Computer */,
				094DDE0D23E9C50700EA1951 /* Bike ComputerTests */,
			);
		};
/* End PBXProject section */

/* Begin PBXResourcesBuildPhase section */
		094DDDF623E9C50500EA1951 /* Resources */ = {
			isa = PBXResourcesBuildPhase;
			buildActionMask = 2147483647;
			files = (
				094DDE0823E9C50700EA1951 /* LaunchScreen.storyboard in Resources */,
				094DDE0523E9C50700EA1951 /* Preview Assets.xcassets in Resources */,
				099D812C247EFBEA008033C6 /* Localizable.strings in Resources */,
				094DDE0223E9C50700EA1951 /* Assets.xcassets in Resources */,
				099D8135247F0071008033C6 /* InfoPlist.strings in Resources */,
			);
			runOnlyForDeploymentPostprocessing = 0;
		};
		094DDE0C23E9C50700EA1951 /* Resources */ = {
			isa = PBXResourcesBuildPhase;
			buildActionMask = 2147483647;
			files = (
			);
			runOnlyForDeploymentPostprocessing = 0;
		};
/* End PBXResourcesBuildPhase section */

/* Begin PBXSourcesBuildPhase section */
		094DDDF423E9C50500EA1951 /* Sources */ = {
			isa = PBXSourcesBuildPhase;
			buildActionMask = 2147483647;
			files = (
				099D813A247F0F7B008033C6 /* DateFormatExtension.swift in Sources */,
				09135DA023F1610F00601377 /* BikeComputerViewModel.swift in Sources */,
				098E964024771AAA00046FCF /* GPSService.swift in Sources */,
				094DDDFC23E9C50500EA1951 /* AppDelegate.swift in Sources */,
				094DDDFE23E9C50500EA1951 /* SceneDelegate.swift in Sources */,
				094DDE0023E9C50500EA1951 /* BikeComputerView.swift in Sources */,
				099D8131247EFD0C008033C6 /* StringLocalizationExtension.swift in Sources */,
			);
			runOnlyForDeploymentPostprocessing = 0;
		};
		094DDE0A23E9C50700EA1951 /* Sources */ = {
			isa = PBXSourcesBuildPhase;
			buildActionMask = 2147483647;
			files = (
				094DDE1323E9C50700EA1951 /* Bike_ComputerTests.swift in Sources */,
			);
			runOnlyForDeploymentPostprocessing = 0;
		};
/* End PBXSourcesBuildPhase section */

/* Begin PBXTargetDependency section */
		094DDE1023E9C50700EA1951 /* PBXTargetDependency */ = {
			isa = PBXTargetDependency;
			target = 094DDDF723E9C50500EA1951 /* Bike Computer */;
			targetProxy = 094DDE0F23E9C50700EA1951 /* PBXContainerItemProxy */;
		};
/* End PBXTargetDependency section */

/* Begin PBXVariantGroup section */
		094DDE0623E9C50700EA1951 /* LaunchScreen.storyboard */ = {
			isa = PBXVariantGroup;
			children = (
				094DDE0723E9C50700EA1951 /* Base */,
			);
			name = LaunchScreen.storyboard;
			sourceTree = "<group>";
		};
		099D812E247EFBEA008033C6 /* Localizable.strings */ = {
			isa = PBXVariantGroup;
			children = (
				099D812D247EFBEA008033C6 /* en */,
			);
			name = Localizable.strings;
			sourceTree = "<group>";
		};
/* End PBXVariantGroup section */

/* Begin XCBuildConfiguration section */
		094DDE1523E9C50700EA1951 /* Debug */ = {
			isa = XCBuildConfiguration;
			buildSettings = {
				ALWAYS_SEARCH_USER_PATHS = NO;
				CLANG_ANALYZER_LOCALIZABILITY_NONLOCALIZED = YES;
				CLANG_ANALYZER_NONNULL = YES;
				CLANG_ANALYZER_NUMBER_OBJECT_CONVERSION = YES_AGGRESSIVE;
				CLANG_CXX_LANGUAGE_STANDARD = "gnu++14";
				CLANG_CXX_LIBRARY = "libc++";
				CLANG_ENABLE_MODULES = YES;
				CLANG_ENABLE_OBJC_ARC = YES;
				CLANG_ENABLE_OBJC_WEAK = YES;
				CLANG_WARN_BLOCK_CAPTURE_AUTORELEASING = YES;
				CLANG_WARN_BOOL_CONVERSION = YES;
				CLANG_WARN_COMMA = YES;
				CLANG_WARN_CONSTANT_CONVERSION = YES;
				CLANG_WARN_DEPRECATED_OBJC_IMPLEMENTATIONS = YES;
				CLANG_WARN_DIRECT_OBJC_ISA_USAGE = YES_ERROR;
				CLANG_WARN_DOCUMENTATION_COMMENTS = YES;
				CLANG_WARN_EMPTY_BODY = YES;
				CLANG_WARN_ENUM_CONVERSION = YES;
				CLANG_WARN_INFINITE_RECURSION = YES;
				CLANG_WARN_INT_CONVERSION = YES;
				CLANG_WARN_NON_LITERAL_NULL_CONVERSION = YES;
				CLANG_WARN_OBJC_IMPLICIT_RETAIN_SELF = YES;
				CLANG_WARN_OBJC_LITERAL_CONVERSION = YES;
				CLANG_WARN_OBJC_ROOT_CLASS = YES_ERROR;
				CLANG_WARN_RANGE_LOOP_ANALYSIS = YES;
				CLANG_WARN_STRICT_PROTOTYPES = YES;
				CLANG_WARN_SUSPICIOUS_MOVE = YES;
				CLANG_WARN_UNGUARDED_AVAILABILITY = YES_AGGRESSIVE;
				CLANG_WARN_UNREACHABLE_CODE = YES;
				CLANG_WARN__DUPLICATE_METHOD_MATCH = YES;
				COPY_PHASE_STRIP = NO;
				DEBUG_INFORMATION_FORMAT = dwarf;
				ENABLE_STRICT_OBJC_MSGSEND = YES;
				ENABLE_TESTABILITY = YES;
				GCC_C_LANGUAGE_STANDARD = gnu11;
				GCC_DYNAMIC_NO_PIC = NO;
				GCC_NO_COMMON_BLOCKS = YES;
				GCC_OPTIMIZATION_LEVEL = 0;
				GCC_PREPROCESSOR_DEFINITIONS = (
					"DEBUG=1",
					"$(inherited)",
				);
				GCC_WARN_64_TO_32_BIT_CONVERSION = YES;
				GCC_WARN_ABOUT_RETURN_TYPE = YES_ERROR;
				GCC_WARN_UNDECLARED_SELECTOR = YES;
				GCC_WARN_UNINITIALIZED_AUTOS = YES_AGGRESSIVE;
				GCC_WARN_UNUSED_FUNCTION = YES;
				GCC_WARN_UNUSED_VARIABLE = YES;
				IPHONEOS_DEPLOYMENT_TARGET = 13.2;
				MTL_ENABLE_DEBUG_INFO = INCLUDE_SOURCE;
				MTL_FAST_MATH = YES;
				ONLY_ACTIVE_ARCH = YES;
				SDKROOT = iphoneos;
				SWIFT_ACTIVE_COMPILATION_CONDITIONS = DEBUG;
				SWIFT_OPTIMIZATION_LEVEL = "-Onone";
			};
			name = Debug;
		};
		094DDE1623E9C50700EA1951 /* Release */ = {
			isa = XCBuildConfiguration;
			buildSettings = {
				ALWAYS_SEARCH_USER_PATHS = NO;
				CLANG_ANALYZER_LOCALIZABILITY_NONLOCALIZED = YES;
				CLANG_ANALYZER_NONNULL = YES;
				CLANG_ANALYZER_NUMBER_OBJECT_CONVERSION = YES_AGGRESSIVE;
				CLANG_CXX_LANGUAGE_STANDARD = "gnu++14";
				CLANG_CXX_LIBRARY = "libc++";
				CLANG_ENABLE_MODULES = YES;
				CLANG_ENABLE_OBJC_ARC = YES;
				CLANG_ENABLE_OBJC_WEAK = YES;
				CLANG_WARN_BLOCK_CAPTURE_AUTORELEASING = YES;
				CLANG_WARN_BOOL_CONVERSION = YES;
				CLANG_WARN_COMMA = YES;
				CLANG_WARN_CONSTANT_CONVERSION = YES;
				CLANG_WARN_DEPRECATED_OBJC_IMPLEMENTATIONS = YES;
				CLANG_WARN_DIRECT_OBJC_ISA_USAGE = YES_ERROR;
				CLANG_WARN_DOCUMENTATION_COMMENTS = YES;
				CLANG_WARN_EMPTY_BODY = YES;
				CLANG_WARN_ENUM_CONVERSION = YES;
				CLANG_WARN_INFINITE_RECURSION = YES;
				CLANG_WARN_INT_CONVERSION = YES;
				CLANG_WARN_NON_LITERAL_NULL_CONVERSION = YES;
				CLANG_WARN_OBJC_IMPLICIT_RETAIN_SELF = YES;
				CLANG_WARN_OBJC_LITERAL_CONVERSION = YES;
				CLANG_WARN_OBJC_ROOT_CLASS = YES_ERROR;
				CLANG_WARN_RANGE_LOOP_ANALYSIS = YES;
				CLANG_WARN_STRICT_PROTOTYPES = YES;
				CLANG_WARN_SUSPICIOUS_MOVE = YES;
				CLANG_WARN_UNGUARDED_AVAILABILITY = YES_AGGRESSIVE;
				CLANG_WARN_UNREACHABLE_CODE = YES;
				CLANG_WARN__DUPLICATE_METHOD_MATCH = YES;
				COPY_PHASE_STRIP = NO;
				DEBUG_INFORMATION_FORMAT = "dwarf-with-dsym";
				ENABLE_NS_ASSERTIONS = NO;
				ENABLE_STRICT_OBJC_MSGSEND = YES;
				GCC_C_LANGUAGE_STANDARD = gnu11;
				GCC_NO_COMMON_BLOCKS = YES;
				GCC_WARN_64_TO_32_BIT_CONVERSION = YES;
				GCC_WARN_ABOUT_RETURN_TYPE = YES_ERROR;
				GCC_WARN_UNDECLARED_SELECTOR = YES;
				GCC_WARN_UNINITIALIZED_AUTOS = YES_AGGRESSIVE;
				GCC_WARN_UNUSED_FUNCTION = YES;
				GCC_WARN_UNUSED_VARIABLE = YES;
				IPHONEOS_DEPLOYMENT_TARGET = 13.2;
				MTL_ENABLE_DEBUG_INFO = NO;
				MTL_FAST_MATH = YES;
				SDKROOT = iphoneos;
				SWIFT_COMPILATION_MODE = wholemodule;
				SWIFT_OPTIMIZATION_LEVEL = "-O";
				VALIDATE_PRODUCT = YES;
			};
			name = Release;
		};
		094DDE1823E9C50700EA1951 /* Debug */ = {
			isa = XCBuildConfiguration;
			buildSettings = {
				ASSETCATALOG_COMPILER_APPICON_NAME = AppIcon;
				CODE_SIGN_IDENTITY = "Apple Development";
				CODE_SIGN_STYLE = Automatic;
				DEVELOPMENT_ASSET_PATHS = "\"Bike Computer/Preview Content\"";
				DEVELOPMENT_TEAM = WJ745D7M93;
				ENABLE_PREVIEWS = YES;
				INFOPLIST_FILE = "Bike Computer/Info.plist";
				LD_RUNPATH_SEARCH_PATHS = (
					"$(inherited)",
					"@executable_path/Frameworks",
				);
				PRODUCT_BUNDLE_IDENTIFIER = "com.IgorK.Bike-Computer";
				PRODUCT_NAME = "$(TARGET_NAME)";
				PROVISIONING_PROFILE_SPECIFIER = "";
				SWIFT_VERSION = 5.0;
				TARGETED_DEVICE_FAMILY = "1,2";
			};
			name = Debug;
		};
		094DDE1923E9C50700EA1951 /* Release */ = {
			isa = XCBuildConfiguration;
			buildSettings = {
				ASSETCATALOG_COMPILER_APPICON_NAME = AppIcon;
				CODE_SIGN_STYLE = Automatic;
				DEVELOPMENT_ASSET_PATHS = "\"Bike Computer/Preview Content\"";
				DEVELOPMENT_TEAM = WJ745D7M93;
				ENABLE_PREVIEWS = YES;
				INFOPLIST_FILE = "Bike Computer/Info.plist";
				LD_RUNPATH_SEARCH_PATHS = (
					"$(inherited)",
					"@executable_path/Frameworks",
				);
				PRODUCT_BUNDLE_IDENTIFIER = "com.IgorK.Bike-Computer";
				PRODUCT_NAME = "$(TARGET_NAME)";
				SWIFT_VERSION = 5.0;
				TARGETED_DEVICE_FAMILY = "1,2";
			};
			name = Release;
		};
		094DDE1B23E9C50700EA1951 /* Debug */ = {
			isa = XCBuildConfiguration;
			buildSettings = {
				ALWAYS_EMBED_SWIFT_STANDARD_LIBRARIES = YES;
				BUNDLE_LOADER = "$(TEST_HOST)";
				CODE_SIGN_STYLE = Automatic;
				INFOPLIST_FILE = "Bike ComputerTests/Info.plist";
				IPHONEOS_DEPLOYMENT_TARGET = 13.2;
				LD_RUNPATH_SEARCH_PATHS = (
					"$(inherited)",
					"@executable_path/Frameworks",
					"@loader_path/Frameworks",
				);
				PRODUCT_BUNDLE_IDENTIFIER = "com.IgorK.Bike-ComputerTests";
				PRODUCT_NAME = "$(TARGET_NAME)";
				SWIFT_VERSION = 5.0;
				TARGETED_DEVICE_FAMILY = "1,2";
				TEST_HOST = "$(BUILT_PRODUCTS_DIR)/Bike Computer.app/Bike Computer";
			};
			name = Debug;
		};
		094DDE1C23E9C50700EA1951 /* Release */ = {
			isa = XCBuildConfiguration;
			buildSettings = {
				ALWAYS_EMBED_SWIFT_STANDARD_LIBRARIES = YES;
				BUNDLE_LOADER = "$(TEST_HOST)";
				CODE_SIGN_STYLE = Automatic;
				INFOPLIST_FILE = "Bike ComputerTests/Info.plist";
				IPHONEOS_DEPLOYMENT_TARGET = 13.2;
				LD_RUNPATH_SEARCH_PATHS = (
					"$(inherited)",
					"@executable_path/Frameworks",
					"@loader_path/Frameworks",
				);
				PRODUCT_BUNDLE_IDENTIFIER = "com.IgorK.Bike-ComputerTests";
				PRODUCT_NAME = "$(TARGET_NAME)";
				SWIFT_VERSION = 5.0;
				TARGETED_DEVICE_FAMILY = "1,2";
				TEST_HOST = "$(BUILT_PRODUCTS_DIR)/Bike Computer.app/Bike Computer";
			};
			name = Release;
		};
/* End XCBuildConfiguration section */

/* Begin XCConfigurationList section */
		094DDDF323E9C50500EA1951 /* Build configuration list for PBXProject "Bike Computer" */ = {
			isa = XCConfigurationList;
			buildConfigurations = (
				094DDE1523E9C50700EA1951 /* Debug */,
				094DDE1623E9C50700EA1951 /* Release */,
			);
			defaultConfigurationIsVisible = 0;
			defaultConfigurationName = Release;
		};
		094DDE1723E9C50700EA1951 /* Build configuration list for PBXNativeTarget "Bike Computer" */ = {
			isa = XCConfigurationList;
			buildConfigurations = (
				094DDE1823E9C50700EA1951 /* Debug */,
				094DDE1923E9C50700EA1951 /* Release */,
			);
			defaultConfigurationIsVisible = 0;
			defaultConfigurationName = Release;
		};
		094DDE1A23E9C50700EA1951 /* Build configuration list for PBXNativeTarget "Bike ComputerTests" */ = {
			isa = XCConfigurationList;
			buildConfigurations = (
				094DDE1B23E9C50700EA1951 /* Debug */,
				094DDE1C23E9C50700EA1951 /* Release */,
			);
			defaultConfigurationIsVisible = 0;
			defaultConfigurationName = Release;
		};
/* End XCConfigurationList section */
	};
	rootObject = 094DDDF023E9C50500EA1951 /* Project object */;
}
